// !$*UTF8*$!
{
	archiveVersion = 1;
	classes = {
	};
	objectVersion = 56;
	objects = {

/* Begin PBXBuildFile section */
		8B71E1782C1AD983000BCB72 /* AppDelegate.swift in Sources */ = {isa = PBXBuildFile; fileRef = 8B71E1772C1AD983000BCB72 /* AppDelegate.swift */; };
		8B71E17A2C1AD983000BCB72 /* SceneDelegate.swift in Sources */ = {isa = PBXBuildFile; fileRef = 8B71E1792C1AD983000BCB72 /* SceneDelegate.swift */; };
		8B71E17C2C1AD983000BCB72 /* OnBoardingViewController.swift in Sources */ = {isa = PBXBuildFile; fileRef = 8B71E17B2C1AD983000BCB72 /* OnBoardingViewController.swift */; };
		8B71E1812C1AD984000BCB72 /* Assets.xcassets in Resources */ = {isa = PBXBuildFile; fileRef = 8B71E1802C1AD984000BCB72 /* Assets.xcassets */; };
		8B71E1842C1AD984000BCB72 /* Base in Resources */ = {isa = PBXBuildFile; fileRef = 8B71E1832C1AD984000BCB72 /* Base */; };
		8B71E18D2C1AE017000BCB72 /* IQKeyboardManagerSwift in Frameworks */ = {isa = PBXBuildFile; productRef = 8B71E18C2C1AE017000BCB72 /* IQKeyboardManagerSwift */; };
		8B71E1902C1AE021000BCB72 /* Alamofire in Frameworks */ = {isa = PBXBuildFile; productRef = 8B71E18F2C1AE021000BCB72 /* Alamofire */; };
		8B71E1932C1AE029000BCB72 /* Kingfisher in Frameworks */ = {isa = PBXBuildFile; productRef = 8B71E1922C1AE029000BCB72 /* Kingfisher */; };
		8B71E19B2C1AE1E3000BCB72 /* SnapKit in Frameworks */ = {isa = PBXBuildFile; productRef = 8B71E19A2C1AE1E3000BCB72 /* SnapKit */; };
		8B71E19E2C1AE275000BCB72 /* UIColor+Extension.swift in Sources */ = {isa = PBXBuildFile; fileRef = 8B71E19D2C1AE275000BCB72 /* UIColor+Extension.swift */; };
		8B71E1A02C1AE62B000BCB72 /* .gitignore in Resources */ = {isa = PBXBuildFile; fileRef = 8B71E19F2C1AE62B000BCB72 /* .gitignore */; };
		8B71E1A32C1AE7B4000BCB72 /* BigSizeButton.swift in Sources */ = {isa = PBXBuildFile; fileRef = 8B71E1A22C1AE7B4000BCB72 /* BigSizeButton.swift */; };
		8B71E1A72C1AED76000BCB72 /* ProfileSettingViewController.swift in Sources */ = {isa = PBXBuildFile; fileRef = 8B71E1A62C1AED76000BCB72 /* ProfileSettingViewController.swift */; };
		8B71E1AC2C1AF895000BCB72 /* Enum+Constant.swift in Sources */ = {isa = PBXBuildFile; fileRef = 8B71E1AB2C1AF895000BCB72 /* Enum+Constant.swift */; };
		8B71E1AE2C1AFB2B000BCB72 /* CustomProfileButton.swift in Sources */ = {isa = PBXBuildFile; fileRef = 8B71E1AD2C1AFB2B000BCB72 /* CustomProfileButton.swift */; };
		8B71E1B02C1B13EC000BCB72 /* Enum+Variable.swift in Sources */ = {isa = PBXBuildFile; fileRef = 8B71E1AF2C1B13EC000BCB72 /* Enum+Variable.swift */; };
		8B71E1B22C1B1598000BCB72 /* CALayer+Extension.swift in Sources */ = {isa = PBXBuildFile; fileRef = 8B71E1B12C1B1598000BCB72 /* CALayer+Extension.swift */; };
		8B71E1B42C1B176B000BCB72 /* TextField+Extension.swift in Sources */ = {isa = PBXBuildFile; fileRef = 8B71E1B32C1B176B000BCB72 /* TextField+Extension.swift */; };
		8B71E1B62C1B1D0D000BCB72 /* SelectProfileViewController.swift in Sources */ = {isa = PBXBuildFile; fileRef = 8B71E1B52C1B1D0D000BCB72 /* SelectProfileViewController.swift */; };
		8B71E1B82C1B2825000BCB72 /* MainViewController.swift in Sources */ = {isa = PBXBuildFile; fileRef = 8B71E1B72C1B2825000BCB72 /* MainViewController.swift */; };
/* End PBXBuildFile section */

/* Begin PBXFileReference section */
		8B71E1742C1AD983000BCB72 /* MeaningOut.app */ = {isa = PBXFileReference; explicitFileType = wrapper.application; includeInIndex = 0; path = MeaningOut.app; sourceTree = BUILT_PRODUCTS_DIR; };
		8B71E1772C1AD983000BCB72 /* AppDelegate.swift */ = {isa = PBXFileReference; lastKnownFileType = sourcecode.swift; path = AppDelegate.swift; sourceTree = "<group>"; };
		8B71E1792C1AD983000BCB72 /* SceneDelegate.swift */ = {isa = PBXFileReference; lastKnownFileType = sourcecode.swift; path = SceneDelegate.swift; sourceTree = "<group>"; };
		8B71E17B2C1AD983000BCB72 /* OnBoardingViewController.swift */ = {isa = PBXFileReference; lastKnownFileType = sourcecode.swift; path = OnBoardingViewController.swift; sourceTree = "<group>"; };
		8B71E1802C1AD984000BCB72 /* Assets.xcassets */ = {isa = PBXFileReference; lastKnownFileType = folder.assetcatalog; path = Assets.xcassets; sourceTree = "<group>"; };
		8B71E1832C1AD984000BCB72 /* Base */ = {isa = PBXFileReference; lastKnownFileType = file.storyboard; name = Base; path = Base.lproj/LaunchScreen.storyboard; sourceTree = "<group>"; };
		8B71E1852C1AD984000BCB72 /* Info.plist */ = {isa = PBXFileReference; lastKnownFileType = text.plist.xml; path = Info.plist; sourceTree = "<group>"; };
		8B71E19D2C1AE275000BCB72 /* UIColor+Extension.swift */ = {isa = PBXFileReference; lastKnownFileType = sourcecode.swift; path = "UIColor+Extension.swift"; sourceTree = "<group>"; };
		8B71E19F2C1AE62B000BCB72 /* .gitignore */ = {isa = PBXFileReference; lastKnownFileType = text; path = .gitignore; sourceTree = "<group>"; };
		8B71E1A22C1AE7B4000BCB72 /* BigSizeButton.swift */ = {isa = PBXFileReference; lastKnownFileType = sourcecode.swift; path = BigSizeButton.swift; sourceTree = "<group>"; };
		8B71E1A62C1AED76000BCB72 /* ProfileSettingViewController.swift */ = {isa = PBXFileReference; lastKnownFileType = sourcecode.swift; path = ProfileSettingViewController.swift; sourceTree = "<group>"; };
		8B71E1AB2C1AF895000BCB72 /* Enum+Constant.swift */ = {isa = PBXFileReference; lastKnownFileType = sourcecode.swift; path = "Enum+Constant.swift"; sourceTree = "<group>"; };
		8B71E1AD2C1AFB2B000BCB72 /* CustomProfileButton.swift */ = {isa = PBXFileReference; lastKnownFileType = sourcecode.swift; path = CustomProfileButton.swift; sourceTree = "<group>"; };
		8B71E1AF2C1B13EC000BCB72 /* Enum+Variable.swift */ = {isa = PBXFileReference; lastKnownFileType = sourcecode.swift; path = "Enum+Variable.swift"; sourceTree = "<group>"; };
		8B71E1B12C1B1598000BCB72 /* CALayer+Extension.swift */ = {isa = PBXFileReference; lastKnownFileType = sourcecode.swift; path = "CALayer+Extension.swift"; sourceTree = "<group>"; };
		8B71E1B32C1B176B000BCB72 /* TextField+Extension.swift */ = {isa = PBXFileReference; lastKnownFileType = sourcecode.swift; path = "TextField+Extension.swift"; sourceTree = "<group>"; };
		8B71E1B52C1B1D0D000BCB72 /* SelectProfileViewController.swift */ = {isa = PBXFileReference; lastKnownFileType = sourcecode.swift; path = SelectProfileViewController.swift; sourceTree = "<group>"; };
		8B71E1B72C1B2825000BCB72 /* MainViewController.swift */ = {isa = PBXFileReference; lastKnownFileType = sourcecode.swift; path = MainViewController.swift; sourceTree = "<group>"; };
/* End PBXFileReference section */

/* Begin PBXFrameworksBuildPhase section */
		8B71E1712C1AD983000BCB72 /* Frameworks */ = {
			isa = PBXFrameworksBuildPhase;
			buildActionMask = 2147483647;
			files = (
				8B71E1932C1AE029000BCB72 /* Kingfisher in Frameworks */,
				8B71E19B2C1AE1E3000BCB72 /* SnapKit in Frameworks */,
				8B71E18D2C1AE017000BCB72 /* IQKeyboardManagerSwift in Frameworks */,
				8B71E1902C1AE021000BCB72 /* Alamofire in Frameworks */,
			);
			runOnlyForDeploymentPostprocessing = 0;
		};
/* End PBXFrameworksBuildPhase section */

/* Begin PBXGroup section */
		8B71E16B2C1AD983000BCB72 = {
			isa = PBXGroup;
			children = (
				8B71E19F2C1AE62B000BCB72 /* .gitignore */,
				8B71E1762C1AD983000BCB72 /* MeaningOut */,
				8B71E1752C1AD983000BCB72 /* Products */,
			);
			sourceTree = "<group>";
		};
		8B71E1752C1AD983000BCB72 /* Products */ = {
			isa = PBXGroup;
			children = (
				8B71E1742C1AD983000BCB72 /* MeaningOut.app */,
			);
			name = Products;
			sourceTree = "<group>";
		};
		8B71E1762C1AD983000BCB72 /* MeaningOut */ = {
			isa = PBXGroup;
			children = (
				8B71E1AA2C1AF885000BCB72 /* Enum */,
				8B71E1A52C1AED55000BCB72 /* ViewController */,
				8B71E1A42C1AEA8E000BCB72 /* New Group */,
				8B71E1A12C1AE794000BCB72 /* CuntomView */,
				8B71E19C2C1AE265000BCB72 /* Extension */,
				8B71E1772C1AD983000BCB72 /* AppDelegate.swift */,
				8B71E1792C1AD983000BCB72 /* SceneDelegate.swift */,
				8B71E1802C1AD984000BCB72 /* Assets.xcassets */,
				8B71E1822C1AD984000BCB72 /* LaunchScreen.storyboard */,
				8B71E1852C1AD984000BCB72 /* Info.plist */,
			);
			path = MeaningOut;
			sourceTree = "<group>";
		};
		8B71E19C2C1AE265000BCB72 /* Extension */ = {
			isa = PBXGroup;
			children = (
				8B71E19D2C1AE275000BCB72 /* UIColor+Extension.swift */,
				8B71E1B12C1B1598000BCB72 /* CALayer+Extension.swift */,
				8B71E1B32C1B176B000BCB72 /* TextField+Extension.swift */,
			);
			path = Extension;
			sourceTree = "<group>";
		};
		8B71E1A12C1AE794000BCB72 /* CuntomView */ = {
			isa = PBXGroup;
			children = (
				8B71E1A22C1AE7B4000BCB72 /* BigSizeButton.swift */,
				8B71E1AD2C1AFB2B000BCB72 /* CustomProfileButton.swift */,
			);
			path = CuntomView;
			sourceTree = "<group>";
		};
		8B71E1A42C1AEA8E000BCB72 /* New Group */ = {
			isa = PBXGroup;
			children = (
			);
			path = "New Group";
			sourceTree = "<group>";
		};
		8B71E1A52C1AED55000BCB72 /* ViewController */ = {
			isa = PBXGroup;
			children = (
				8B71E17B2C1AD983000BCB72 /* OnBoardingViewController.swift */,
				8B71E1A62C1AED76000BCB72 /* ProfileSettingViewController.swift */,
				8B71E1B52C1B1D0D000BCB72 /* SelectProfileViewController.swift */,
				8B71E1B72C1B2825000BCB72 /* MainViewController.swift */,
			);
			path = ViewController;
			sourceTree = "<group>";
		};
		8B71E1AA2C1AF885000BCB72 /* Enum */ = {
			isa = PBXGroup;
			children = (
				8B71E1AB2C1AF895000BCB72 /* Enum+Constant.swift */,
				8B71E1AF2C1B13EC000BCB72 /* Enum+Variable.swift */,
			);
			path = Enum;
			sourceTree = "<group>";
		};
/* End PBXGroup section */

/* Begin PBXNativeTarget section */
		8B71E1732C1AD983000BCB72 /* MeaningOut */ = {
			isa = PBXNativeTarget;
			buildConfigurationList = 8B71E1882C1AD984000BCB72 /* Build configuration list for PBXNativeTarget "MeaningOut" */;
			buildPhases = (
				8B71E1702C1AD983000BCB72 /* Sources */,
				8B71E1712C1AD983000BCB72 /* Frameworks */,
				8B71E1722C1AD983000BCB72 /* Resources */,
			);
			buildRules = (
			);
			dependencies = (
			);
			name = MeaningOut;
			packageProductDependencies = (
				8B71E18C2C1AE017000BCB72 /* IQKeyboardManagerSwift */,
				8B71E18F2C1AE021000BCB72 /* Alamofire */,
				8B71E1922C1AE029000BCB72 /* Kingfisher */,
				8B71E19A2C1AE1E3000BCB72 /* SnapKit */,
			);
			productName = MeaningOut;
			productReference = 8B71E1742C1AD983000BCB72 /* MeaningOut.app */;
			productType = "com.apple.product-type.application";
		};
/* End PBXNativeTarget section */

/* Begin PBXProject section */
		8B71E16C2C1AD983000BCB72 /* Project object */ = {
			isa = PBXProject;
			attributes = {
				BuildIndependentTargetsInParallel = 1;
				LastSwiftUpdateCheck = 1540;
				LastUpgradeCheck = 1540;
				TargetAttributes = {
					8B71E1732C1AD983000BCB72 = {
						CreatedOnToolsVersion = 15.4;
					};
				};
			};
			buildConfigurationList = 8B71E16F2C1AD983000BCB72 /* Build configuration list for PBXProject "MeaningOut" */;
			compatibilityVersion = "Xcode 14.0";
			developmentRegion = en;
			hasScannedForEncodings = 0;
			knownRegions = (
				en,
				Base,
			);
			mainGroup = 8B71E16B2C1AD983000BCB72;
			packageReferences = (
				8B71E18B2C1AE017000BCB72 /* XCRemoteSwiftPackageReference "IQKeyboardManager" */,
				8B71E18E2C1AE021000BCB72 /* XCRemoteSwiftPackageReference "Alamofire" */,
				8B71E1912C1AE029000BCB72 /* XCRemoteSwiftPackageReference "Kingfisher" */,
				8B71E1992C1AE1E3000BCB72 /* XCRemoteSwiftPackageReference "SnapKit" */,
			);
			productRefGroup = 8B71E1752C1AD983000BCB72 /* Products */;
			projectDirPath = "";
			projectRoot = "";
			targets = (
				8B71E1732C1AD983000BCB72 /* MeaningOut */,
			);
		};
/* End PBXProject section */

/* Begin PBXResourcesBuildPhase section */
		8B71E1722C1AD983000BCB72 /* Resources */ = {
			isa = PBXResourcesBuildPhase;
			buildActionMask = 2147483647;
			files = (
				8B71E1812C1AD984000BCB72 /* Assets.xcassets in Resources */,
				8B71E1A02C1AE62B000BCB72 /* .gitignore in Resources */,
				8B71E1842C1AD984000BCB72 /* Base in Resources */,
			);
			runOnlyForDeploymentPostprocessing = 0;
		};
/* End PBXResourcesBuildPhase section */

/* Begin PBXSourcesBuildPhase section */
		8B71E1702C1AD983000BCB72 /* Sources */ = {
			isa = PBXSourcesBuildPhase;
			buildActionMask = 2147483647;
			files = (
				8B71E17C2C1AD983000BCB72 /* OnBoardingViewController.swift in Sources */,
				8B71E1B82C1B2825000BCB72 /* MainViewController.swift in Sources */,
				8B71E1782C1AD983000BCB72 /* AppDelegate.swift in Sources */,
				8B71E1AC2C1AF895000BCB72 /* Enum+Constant.swift in Sources */,
				8B71E1B22C1B1598000BCB72 /* CALayer+Extension.swift in Sources */,
				8B71E1B62C1B1D0D000BCB72 /* SelectProfileViewController.swift in Sources */,
				8B71E1B42C1B176B000BCB72 /* TextField+Extension.swift in Sources */,
				8B71E1A32C1AE7B4000BCB72 /* BigSizeButton.swift in Sources */,
				8B71E17A2C1AD983000BCB72 /* SceneDelegate.swift in Sources */,
				8B71E19E2C1AE275000BCB72 /* UIColor+Extension.swift in Sources */,
				8B71E1AE2C1AFB2B000BCB72 /* CustomProfileButton.swift in Sources */,
				8B71E1B02C1B13EC000BCB72 /* Enum+Variable.swift in Sources */,
				8B71E1A72C1AED76000BCB72 /* ProfileSettingViewController.swift in Sources */,
			);
			runOnlyForDeploymentPostprocessing = 0;
		};
/* End PBXSourcesBuildPhase section */

/* Begin PBXVariantGroup section */
		8B71E1822C1AD984000BCB72 /* LaunchScreen.storyboard */ = {
			isa = PBXVariantGroup;
			children = (
				8B71E1832C1AD984000BCB72 /* Base */,
			);
			name = LaunchScreen.storyboard;
			sourceTree = "<group>";
		};
/* End PBXVariantGroup section */

/* Begin XCBuildConfiguration section */
		8B71E1862C1AD984000BCB72 /* Debug */ = {
			isa = XCBuildConfiguration;
			buildSettings = {
				ALWAYS_SEARCH_USER_PATHS = NO;
				ASSETCATALOG_COMPILER_GENERATE_SWIFT_ASSET_SYMBOL_EXTENSIONS = YES;
				CLANG_ANALYZER_NONNULL = YES;
				CLANG_ANALYZER_NUMBER_OBJECT_CONVERSION = YES_AGGRESSIVE;
				CLANG_CXX_LANGUAGE_STANDARD = "gnu++20";
				CLANG_ENABLE_MODULES = YES;
				CLANG_ENABLE_OBJC_ARC = YES;
				CLANG_ENABLE_OBJC_WEAK = YES;
				CLANG_WARN_BLOCK_CAPTURE_AUTORELEASING = YES;
				CLANG_WARN_BOOL_CONVERSION = YES;
				CLANG_WARN_COMMA = YES;
				CLANG_WARN_CONSTANT_CONVERSION = YES;
				CLANG_WARN_DEPRECATED_OBJC_IMPLEMENTATIONS = YES;
				CLANG_WARN_DIRECT_OBJC_ISA_USAGE = YES_ERROR;
				CLANG_WARN_DOCUMENTATION_COMMENTS = YES;
				CLANG_WARN_EMPTY_BODY = YES;
				CLANG_WARN_ENUM_CONVERSION = YES;
				CLANG_WARN_INFINITE_RECURSION = YES;
				CLANG_WARN_INT_CONVERSION = YES;
				CLANG_WARN_NON_LITERAL_NULL_CONVERSION = YES;
				CLANG_WARN_OBJC_IMPLICIT_RETAIN_SELF = YES;
				CLANG_WARN_OBJC_LITERAL_CONVERSION = YES;
				CLANG_WARN_OBJC_ROOT_CLASS = YES_ERROR;
				CLANG_WARN_QUOTED_INCLUDE_IN_FRAMEWORK_HEADER = YES;
				CLANG_WARN_RANGE_LOOP_ANALYSIS = YES;
				CLANG_WARN_STRICT_PROTOTYPES = YES;
				CLANG_WARN_SUSPICIOUS_MOVE = YES;
				CLANG_WARN_UNGUARDED_AVAILABILITY = YES_AGGRESSIVE;
				CLANG_WARN_UNREACHABLE_CODE = YES;
				CLANG_WARN__DUPLICATE_METHOD_MATCH = YES;
				COPY_PHASE_STRIP = NO;
				DEBUG_INFORMATION_FORMAT = dwarf;
				ENABLE_STRICT_OBJC_MSGSEND = YES;
				ENABLE_TESTABILITY = YES;
				ENABLE_USER_SCRIPT_SANDBOXING = YES;
				GCC_C_LANGUAGE_STANDARD = gnu17;
				GCC_DYNAMIC_NO_PIC = NO;
				GCC_NO_COMMON_BLOCKS = YES;
				GCC_OPTIMIZATION_LEVEL = 0;
				GCC_PREPROCESSOR_DEFINITIONS = (
					"DEBUG=1",
					"$(inherited)",
				);
				GCC_WARN_64_TO_32_BIT_CONVERSION = YES;
				GCC_WARN_ABOUT_RETURN_TYPE = YES_ERROR;
				GCC_WARN_UNDECLARED_SELECTOR = YES;
				GCC_WARN_UNINITIALIZED_AUTOS = YES_AGGRESSIVE;
				GCC_WARN_UNUSED_FUNCTION = YES;
				GCC_WARN_UNUSED_VARIABLE = YES;
				IPHONEOS_DEPLOYMENT_TARGET = 17.5;
				LOCALIZATION_PREFERS_STRING_CATALOGS = YES;
				MTL_ENABLE_DEBUG_INFO = INCLUDE_SOURCE;
				MTL_FAST_MATH = YES;
				ONLY_ACTIVE_ARCH = YES;
				SDKROOT = iphoneos;
				SWIFT_ACTIVE_COMPILATION_CONDITIONS = "DEBUG $(inherited)";
				SWIFT_OPTIMIZATION_LEVEL = "-Onone";
			};
			name = Debug;
		};
		8B71E1872C1AD984000BCB72 /* Release */ = {
			isa = XCBuildConfiguration;
			buildSettings = {
				ALWAYS_SEARCH_USER_PATHS = NO;
				ASSETCATALOG_COMPILER_GENERATE_SWIFT_ASSET_SYMBOL_EXTENSIONS = YES;
				CLANG_ANALYZER_NONNULL = YES;
				CLANG_ANALYZER_NUMBER_OBJECT_CONVERSION = YES_AGGRESSIVE;
				CLANG_CXX_LANGUAGE_STANDARD = "gnu++20";
				CLANG_ENABLE_MODULES = YES;
				CLANG_ENABLE_OBJC_ARC = YES;
				CLANG_ENABLE_OBJC_WEAK = YES;
				CLANG_WARN_BLOCK_CAPTURE_AUTORELEASING = YES;
				CLANG_WARN_BOOL_CONVERSION = YES;
				CLANG_WARN_COMMA = YES;
				CLANG_WARN_CONSTANT_CONVERSION = YES;
				CLANG_WARN_DEPRECATED_OBJC_IMPLEMENTATIONS = YES;
				CLANG_WARN_DIRECT_OBJC_ISA_USAGE = YES_ERROR;
				CLANG_WARN_DOCUMENTATION_COMMENTS = YES;
				CLANG_WARN_EMPTY_BODY = YES;
				CLANG_WARN_ENUM_CONVERSION = YES;
				CLANG_WARN_INFINITE_RECURSION = YES;
				CLANG_WARN_INT_CONVERSION = YES;
				CLANG_WARN_NON_LITERAL_NULL_CONVERSION = YES;
				CLANG_WARN_OBJC_IMPLICIT_RETAIN_SELF = YES;
				CLANG_WARN_OBJC_LITERAL_CONVERSION = YES;
				CLANG_WARN_OBJC_ROOT_CLASS = YES_ERROR;
				CLANG_WARN_QUOTED_INCLUDE_IN_FRAMEWORK_HEADER = YES;
				CLANG_WARN_RANGE_LOOP_ANALYSIS = YES;
				CLANG_WARN_STRICT_PROTOTYPES = YES;
				CLANG_WARN_SUSPICIOUS_MOVE = YES;
				CLANG_WARN_UNGUARDED_AVAILABILITY = YES_AGGRESSIVE;
				CLANG_WARN_UNREACHABLE_CODE = YES;
				CLANG_WARN__DUPLICATE_METHOD_MATCH = YES;
				COPY_PHASE_STRIP = NO;
				DEBUG_INFORMATION_FORMAT = "dwarf-with-dsym";
				ENABLE_NS_ASSERTIONS = NO;
				ENABLE_STRICT_OBJC_MSGSEND = YES;
				ENABLE_USER_SCRIPT_SANDBOXING = YES;
				GCC_C_LANGUAGE_STANDARD = gnu17;
				GCC_NO_COMMON_BLOCKS = YES;
				GCC_WARN_64_TO_32_BIT_CONVERSION = YES;
				GCC_WARN_ABOUT_RETURN_TYPE = YES_ERROR;
				GCC_WARN_UNDECLARED_SELECTOR = YES;
				GCC_WARN_UNINITIALIZED_AUTOS = YES_AGGRESSIVE;
				GCC_WARN_UNUSED_FUNCTION = YES;
				GCC_WARN_UNUSED_VARIABLE = YES;
				IPHONEOS_DEPLOYMENT_TARGET = 17.5;
				LOCALIZATION_PREFERS_STRING_CATALOGS = YES;
				MTL_ENABLE_DEBUG_INFO = NO;
				MTL_FAST_MATH = YES;
				SDKROOT = iphoneos;
				SWIFT_COMPILATION_MODE = wholemodule;
				VALIDATE_PRODUCT = YES;
			};
			name = Release;
		};
		8B71E1892C1AD984000BCB72 /* Debug */ = {
			isa = XCBuildConfiguration;
			buildSettings = {
				ASSETCATALOG_COMPILER_APPICON_NAME = AppIcon;
				ASSETCATALOG_COMPILER_GLOBAL_ACCENT_COLOR_NAME = AccentColor;
				ASSETCATALOG_COMPILER_INCLUDE_ALL_APPICON_ASSETS = YES;
				CODE_SIGN_STYLE = Automatic;
				CURRENT_PROJECT_VERSION = 1;
				GENERATE_INFOPLIST_FILE = YES;
				INFOPLIST_FILE = MeaningOut/Info.plist;
				INFOPLIST_KEY_UIApplicationSupportsIndirectInputEvents = YES;
				INFOPLIST_KEY_UILaunchStoryboardName = LaunchScreen;
				INFOPLIST_KEY_UISupportedInterfaceOrientations = UIInterfaceOrientationPortrait;
				INFOPLIST_KEY_UISupportedInterfaceOrientations_iPad = UIInterfaceOrientationPortrait;
				IPHONEOS_DEPLOYMENT_TARGET = 15.0;
				LD_RUNPATH_SEARCH_PATHS = (
					"$(inherited)",
					"@executable_path/Frameworks",
				);
				MARKETING_VERSION = 1.0;
				PRODUCT_BUNDLE_IDENTIFIER = com.Swift.MeaningOut;
				PRODUCT_NAME = "$(TARGET_NAME)";
				SUPPORTED_PLATFORMS = "iphoneos iphonesimulator";
				SUPPORTS_MACCATALYST = NO;
				SUPPORTS_MAC_DESIGNED_FOR_IPHONE_IPAD = NO;
				SUPPORTS_XR_DESIGNED_FOR_IPHONE_IPAD = NO;
				SWIFT_EMIT_LOC_STRINGS = YES;
				SWIFT_VERSION = 5.0;
				TARGETED_DEVICE_FAMILY = 1;
			};
			name = Debug;
		};
		8B71E18A2C1AD984000BCB72 /* Release */ = {
			isa = XCBuildConfiguration;
			buildSettings = {
				ASSETCATALOG_COMPILER_APPICON_NAME = AppIcon;
				ASSETCATALOG_COMPILER_GLOBAL_ACCENT_COLOR_NAME = AccentColor;
				ASSETCATALOG_COMPILER_INCLUDE_ALL_APPICON_ASSETS = YES;
				CODE_SIGN_STYLE = Automatic;
				CURRENT_PROJECT_VERSION = 1;
				GENERATE_INFOPLIST_FILE = YES;
				INFOPLIST_FILE = MeaningOut/Info.plist;
				INFOPLIST_KEY_UIApplicationSupportsIndirectInputEvents = YES;
				INFOPLIST_KEY_UILaunchStoryboardName = LaunchScreen;
				INFOPLIST_KEY_UISupportedInterfaceOrientations = UIInterfaceOrientationPortrait;
				INFOPLIST_KEY_UISupportedInterfaceOrientations_iPad = UIInterfaceOrientationPortrait;
				IPHONEOS_DEPLOYMENT_TARGET = 15.0;
				LD_RUNPATH_SEARCH_PATHS = (
					"$(inherited)",
					"@executable_path/Frameworks",
				);
				MARKETING_VERSION = 1.0;
				PRODUCT_BUNDLE_IDENTIFIER = com.Swift.MeaningOut;
				PRODUCT_NAME = "$(TARGET_NAME)";
				SUPPORTED_PLATFORMS = "iphoneos iphonesimulator";
				SUPPORTS_MACCATALYST = NO;
				SUPPORTS_MAC_DESIGNED_FOR_IPHONE_IPAD = NO;
				SUPPORTS_XR_DESIGNED_FOR_IPHONE_IPAD = NO;
				SWIFT_EMIT_LOC_STRINGS = YES;
				SWIFT_VERSION = 5.0;
				TARGETED_DEVICE_FAMILY = 1;
			};
			name = Release;
		};
/* End XCBuildConfiguration section */

/* Begin XCConfigurationList section */
		8B71E16F2C1AD983000BCB72 /* Build configuration list for PBXProject "MeaningOut" */ = {
			isa = XCConfigurationList;
			buildConfigurations = (
				8B71E1862C1AD984000BCB72 /* Debug */,
				8B71E1872C1AD984000BCB72 /* Release */,
			);
			defaultConfigurationIsVisible = 0;
			defaultConfigurationName = Release;
		};
		8B71E1882C1AD984000BCB72 /* Build configuration list for PBXNativeTarget "MeaningOut" */ = {
			isa = XCConfigurationList;
			buildConfigurations = (
				8B71E1892C1AD984000BCB72 /* Debug */,
				8B71E18A2C1AD984000BCB72 /* Release */,
			);
			defaultConfigurationIsVisible = 0;
			defaultConfigurationName = Release;
		};
/* End XCConfigurationList section */

/* Begin XCRemoteSwiftPackageReference section */
		8B71E18B2C1AE017000BCB72 /* XCRemoteSwiftPackageReference "IQKeyboardManager" */ = {
			isa = XCRemoteSwiftPackageReference;
			repositoryURL = "https://github.com/hackiftekhar/IQKeyboardManager.git";
			requirement = {
				kind = upToNextMajorVersion;
				minimumVersion = 7.0.3;
			};
		};
		8B71E18E2C1AE021000BCB72 /* XCRemoteSwiftPackageReference "Alamofire" */ = {
			isa = XCRemoteSwiftPackageReference;
			repositoryURL = "https://github.com/Alamofire/Alamofire.git";
			requirement = {
				kind = upToNextMajorVersion;
				minimumVersion = 5.9.1;
			};
		};
		8B71E1912C1AE029000BCB72 /* XCRemoteSwiftPackageReference "Kingfisher" */ = {
			isa = XCRemoteSwiftPackageReference;
			repositoryURL = "https://github.com/onevcat/Kingfisher.git";
			requirement = {
				kind = upToNextMajorVersion;
				minimumVersion = 7.12.0;
			};
		};
		8B71E1992C1AE1E3000BCB72 /* XCRemoteSwiftPackageReference "SnapKit" */ = {
			isa = XCRemoteSwiftPackageReference;
			repositoryURL = "https://github.com/SnapKit/SnapKit.git";
			requirement = {
				kind = upToNextMajorVersion;
				minimumVersion = 5.7.1;
			};
		};
/* End XCRemoteSwiftPackageReference section */

/* Begin XCSwiftPackageProductDependency section */
		8B71E18C2C1AE017000BCB72 /* IQKeyboardManagerSwift */ = {
			isa = XCSwiftPackageProductDependency;
			package = 8B71E18B2C1AE017000BCB72 /* XCRemoteSwiftPackageReference "IQKeyboardManager" */;
			productName = IQKeyboardManagerSwift;
		};
		8B71E18F2C1AE021000BCB72 /* Alamofire */ = {
			isa = XCSwiftPackageProductDependency;
			package = 8B71E18E2C1AE021000BCB72 /* XCRemoteSwiftPackageReference "Alamofire" */;
			productName = Alamofire;
		};
		8B71E1922C1AE029000BCB72 /* Kingfisher */ = {
			isa = XCSwiftPackageProductDependency;
			package = 8B71E1912C1AE029000BCB72 /* XCRemoteSwiftPackageReference "Kingfisher" */;
			productName = Kingfisher;
		};
		8B71E19A2C1AE1E3000BCB72 /* SnapKit */ = {
			isa = XCSwiftPackageProductDependency;
			package = 8B71E1992C1AE1E3000BCB72 /* XCRemoteSwiftPackageReference "SnapKit" */;
			productName = SnapKit;
		};
/* End XCSwiftPackageProductDependency section */
	};
	rootObject = 8B71E16C2C1AD983000BCB72 /* Project object */;
}
